
Microsoft Visual Studio Solution File, Format Version 12.00
# Visual Studio Version 16
VisualStudioVersion = 16.0.30907.101
MinimumVisualStudioVersion = 10.0.40219.1
Project("{8BC9CEB8-8B4A-11D0-8D11-00A0C91BC942}") = "firstUniqProduct", "firstUniqProduct\firstUniqProduct.vcxproj", "{C97AE486-ACA7-4DC5-89A5-02159044BF0B}"
EndProject
Project("{8BC9CEB8-8B4A-11D0-8D11-00A0C91BC942}") = "FriendIsConnected", "FriendIsConnected\FriendIsConnected.vcxproj", "{9C9B40C3-AD13-474A-AFB0-0A481EF3A6E9}"
EndProject
Project("{8BC9CEB8-8B4A-11D0-8D11-00A0C91BC942}") = "MultiplyStrings", "MultiplyStrings\MultiplyStrings.vcxproj", "{E032D2F0-09A6-4185-BEFD-388B296542D9}"
EndProject
Project("{8BC9CEB8-8B4A-11D0-8D11-00A0C91BC942}") = "InsertInterval_57", "InsertInterval_57\InsertInterval_57.vcxproj", "{F8711EFA-6277-49EF-A869-94F6697A42C8}"
EndProject
Project("{8BC9CEB8-8B4A-11D0-8D11-00A0C91BC942}") = "UniquePaths2", "UniquePaths2\UniquePaths2.vcxproj", "{04C93465-24D9-44F7-8AF1-79A940F85CA7}"
EndProject
Project("{8BC9CEB8-8B4A-11D0-8D11-00A0C91BC942}") = "Sqrt", "Sqrt\Sqrt.vcxproj", "{DCAB11B5-A20B-423C-9B2E-E6B3604DE43D}"
EndProject
Project("{8BC9CEB8-8B4A-11D0-8D11-00A0C91BC942}") = "SimplifyPath", "SimplifyPath\SimplifyPath.vcxproj", "{A50E5355-999C-4328-BA27-E3E6F754261F}"
EndProject
Project("{8BC9CEB8-8B4A-11D0-8D11-00A0C91BC942}") = "SearchA2DMatrix", "SearchA2DMatrix\SearchA2DMatrix.vcxproj", "{F60A1E4B-7DBE-44E9-8FF1-5BF64B0247C7}"
EndProject
Project("{8BC9CEB8-8B4A-11D0-8D11-00A0C91BC942}") = "RestoreIPAddresses", "RestoreIPAddresses\RestoreIPAddresses.vcxproj", "{29506046-D400-4391-A01D-6EC424040C00}"
EndProject
Project("{8BC9CEB8-8B4A-11D0-8D11-00A0C91BC942}") = "ValidateBinarySearchTree", "ValidateBinarySearchTree\ValidateBinarySearchTree.vcxproj", "{C191DAB4-F77F-4171-A25A-B7CE4511F3C6}"
EndProject
Project("{8BC9CEB8-8B4A-11D0-8D11-00A0C91BC942}") = "ConstructBinaryTreeFromPreorderAndInorderTraversal", "ConstructBinaryTreeFromPreorderAndInorderTraversal\ConstructBinaryTreeFromPreorderAndInorderTraversal.vcxproj", "{48DF17F4-C9AE-4330-959C-86558C5E4DB1}"
EndProject
Project("{8BC9CEB8-8B4A-11D0-8D11-00A0C91BC942}") = "RecoverBinarySearchTree", "RecoverBinarySearchTree\RecoverBinarySearchTree.vcxproj", "{05257721-6068-45DC-9FDD-64ADDACDE263}"
EndProject
Project("{8BC9CEB8-8B4A-11D0-8D11-00A0C91BC942}") = "BinaryTreeLevelOrderTraversal", "BinaryTreeLevelOrderTraversal\BinaryTreeLevelOrderTraversal.vcxproj", "{F6268767-8BB6-4889-99B7-BE06EAD6CA26}"
EndProject
Project("{8BC9CEB8-8B4A-11D0-8D11-00A0C91BC942}") = "BinaryTreeZigzagLevelOrderTraversal", "BinaryTreeZigzagLevelOrderTraversal\BinaryTreeZigzagLevelOrderTraversal.vcxproj", "{BA76EC4C-9796-4054-90F2-865F4357F0CF}"
EndProject
Project("{8BC9CEB8-8B4A-11D0-8D11-00A0C91BC942}") = "ConstructBinaryTreeFromInorderAndPostorderTraversal", "ConstructBinaryTreeFromInorderAndPostorderTraversal\ConstructBinaryTreeFromInorderAndPostorderTraversal.vcxproj", "{6201E006-3FC5-41D5-9D8F-D9910658A434}"
EndProject
Project("{8BC9CEB8-8B4A-11D0-8D11-00A0C91BC942}") = "ConvertSortedArrayToBinarySearchTree", "ConvertSortedArrayToBinarySearchTree\ConvertSortedArrayToBinarySearchTree.vcxproj", "{51585D22-261C-45C8-85B8-78F2733EF0F2}"
EndProject
Project("{8BC9CEB8-8B4A-11D0-8D11-00A0C91BC942}") = "ConvertSortedListToBinarySearchTree", "ConvertSortedListToBinarySearchTree\ConvertSortedListToBinarySearchTree.vcxproj", "{665D7957-861E-45B6-B475-9F4D31EB1871}"
EndProject
Global
	GlobalSection(SolutionConfigurationPlatforms) = preSolution
		Debug|x64 = Debug|x64
		Debug|x86 = Debug|x86
		Release|x64 = Release|x64
		Release|x86 = Release|x86
	EndGlobalSection
	GlobalSection(ProjectConfigurationPlatforms) = postSolution
		{C97AE486-ACA7-4DC5-89A5-02159044BF0B}.Debug|x64.ActiveCfg = Debug|x64
		{C97AE486-ACA7-4DC5-89A5-02159044BF0B}.Debug|x64.Build.0 = Debug|x64
		{C97AE486-ACA7-4DC5-89A5-02159044BF0B}.Debug|x86.ActiveCfg = Debug|Win32
		{C97AE486-ACA7-4DC5-89A5-02159044BF0B}.Debug|x86.Build.0 = Debug|Win32
		{C97AE486-ACA7-4DC5-89A5-02159044BF0B}.Release|x64.ActiveCfg = Release|x64
		{C97AE486-ACA7-4DC5-89A5-02159044BF0B}.Release|x64.Build.0 = Release|x64
		{C97AE486-ACA7-4DC5-89A5-02159044BF0B}.Release|x86.ActiveCfg = Release|Win32
		{C97AE486-ACA7-4DC5-89A5-02159044BF0B}.Release|x86.Build.0 = Release|Win32
		{9C9B40C3-AD13-474A-AFB0-0A481EF3A6E9}.Debug|x64.ActiveCfg = Debug|x64
		{9C9B40C3-AD13-474A-AFB0-0A481EF3A6E9}.Debug|x64.Build.0 = Debug|x64
		{9C9B40C3-AD13-474A-AFB0-0A481EF3A6E9}.Debug|x86.ActiveCfg = Debug|Win32
		{9C9B40C3-AD13-474A-AFB0-0A481EF3A6E9}.Debug|x86.Build.0 = Debug|Win32
		{9C9B40C3-AD13-474A-AFB0-0A481EF3A6E9}.Release|x64.ActiveCfg = Release|x64
		{9C9B40C3-AD13-474A-AFB0-0A481EF3A6E9}.Release|x64.Build.0 = Release|x64
		{9C9B40C3-AD13-474A-AFB0-0A481EF3A6E9}.Release|x86.ActiveCfg = Release|Win32
		{9C9B40C3-AD13-474A-AFB0-0A481EF3A6E9}.Release|x86.Build.0 = Release|Win32
		{E032D2F0-09A6-4185-BEFD-388B296542D9}.Debug|x64.ActiveCfg = Debug|x64
		{E032D2F0-09A6-4185-BEFD-388B296542D9}.Debug|x64.Build.0 = Debug|x64
		{E032D2F0-09A6-4185-BEFD-388B296542D9}.Debug|x86.ActiveCfg = Debug|Win32
		{E032D2F0-09A6-4185-BEFD-388B296542D9}.Debug|x86.Build.0 = Debug|Win32
		{E032D2F0-09A6-4185-BEFD-388B296542D9}.Release|x64.ActiveCfg = Release|x64
		{E032D2F0-09A6-4185-BEFD-388B296542D9}.Release|x64.Build.0 = Release|x64
		{E032D2F0-09A6-4185-BEFD-388B296542D9}.Release|x86.ActiveCfg = Release|Win32
		{E032D2F0-09A6-4185-BEFD-388B296542D9}.Release|x86.Build.0 = Release|Win32
		{F8711EFA-6277-49EF-A869-94F6697A42C8}.Debug|x64.ActiveCfg = Debug|x64
		{F8711EFA-6277-49EF-A869-94F6697A42C8}.Debug|x64.Build.0 = Debug|x64
		{F8711EFA-6277-49EF-A869-94F6697A42C8}.Debug|x86.ActiveCfg = Debug|Win32
		{F8711EFA-6277-49EF-A869-94F6697A42C8}.Debug|x86.Build.0 = Debug|Win32
		{F8711EFA-6277-49EF-A869-94F6697A42C8}.Release|x64.ActiveCfg = Release|x64
		{F8711EFA-6277-49EF-A869-94F6697A42C8}.Release|x64.Build.0 = Release|x64
		{F8711EFA-6277-49EF-A869-94F6697A42C8}.Release|x86.ActiveCfg = Release|Win32
		{F8711EFA-6277-49EF-A869-94F6697A42C8}.Release|x86.Build.0 = Release|Win32
		{04C93465-24D9-44F7-8AF1-79A940F85CA7}.Debug|x64.ActiveCfg = Debug|x64
		{04C93465-24D9-44F7-8AF1-79A940F85CA7}.Debug|x64.Build.0 = Debug|x64
		{04C93465-24D9-44F7-8AF1-79A940F85CA7}.Debug|x86.ActiveCfg = Debug|Win32
		{04C93465-24D9-44F7-8AF1-79A940F85CA7}.Debug|x86.Build.0 = Debug|Win32
		{04C93465-24D9-44F7-8AF1-79A940F85CA7}.Release|x64.ActiveCfg = Release|x64
		{04C93465-24D9-44F7-8AF1-79A940F85CA7}.Release|x64.Build.0 = Release|x64
		{04C93465-24D9-44F7-8AF1-79A940F85CA7}.Release|x86.ActiveCfg = Release|Win32
		{04C93465-24D9-44F7-8AF1-79A940F85CA7}.Release|x86.Build.0 = Release|Win32
		{DCAB11B5-A20B-423C-9B2E-E6B3604DE43D}.Debug|x64.ActiveCfg = Debug|x64
		{DCAB11B5-A20B-423C-9B2E-E6B3604DE43D}.Debug|x64.Build.0 = Debug|x64
		{DCAB11B5-A20B-423C-9B2E-E6B3604DE43D}.Debug|x86.ActiveCfg = Debug|Win32
		{DCAB11B5-A20B-423C-9B2E-E6B3604DE43D}.Debug|x86.Build.0 = Debug|Win32
		{DCAB11B5-A20B-423C-9B2E-E6B3604DE43D}.Release|x64.ActiveCfg = Release|x64
		{DCAB11B5-A20B-423C-9B2E-E6B3604DE43D}.Release|x64.Build.0 = Release|x64
		{DCAB11B5-A20B-423C-9B2E-E6B3604DE43D}.Release|x86.ActiveCfg = Release|Win32
		{DCAB11B5-A20B-423C-9B2E-E6B3604DE43D}.Release|x86.Build.0 = Release|Win32
		{A50E5355-999C-4328-BA27-E3E6F754261F}.Debug|x64.ActiveCfg = Debug|x64
		{A50E5355-999C-4328-BA27-E3E6F754261F}.Debug|x64.Build.0 = Debug|x64
		{A50E5355-999C-4328-BA27-E3E6F754261F}.Debug|x86.ActiveCfg = Debug|Win32
		{A50E5355-999C-4328-BA27-E3E6F754261F}.Debug|x86.Build.0 = Debug|Win32
		{A50E5355-999C-4328-BA27-E3E6F754261F}.Release|x64.ActiveCfg = Release|x64
		{A50E5355-999C-4328-BA27-E3E6F754261F}.Release|x64.Build.0 = Release|x64
		{A50E5355-999C-4328-BA27-E3E6F754261F}.Release|x86.ActiveCfg = Release|Win32
		{A50E5355-999C-4328-BA27-E3E6F754261F}.Release|x86.Build.0 = Release|Win32
		{F60A1E4B-7DBE-44E9-8FF1-5BF64B0247C7}.Debug|x64.ActiveCfg = Debug|x64
		{F60A1E4B-7DBE-44E9-8FF1-5BF64B0247C7}.Debug|x64.Build.0 = Debug|x64
		{F60A1E4B-7DBE-44E9-8FF1-5BF64B0247C7}.Debug|x86.ActiveCfg = Debug|Win32
		{F60A1E4B-7DBE-44E9-8FF1-5BF64B0247C7}.Debug|x86.Build.0 = Debug|Win32
		{F60A1E4B-7DBE-44E9-8FF1-5BF64B0247C7}.Release|x64.ActiveCfg = Release|x64
		{F60A1E4B-7DBE-44E9-8FF1-5BF64B0247C7}.Release|x64.Build.0 = Release|x64
		{F60A1E4B-7DBE-44E9-8FF1-5BF64B0247C7}.Release|x86.ActiveCfg = Release|Win32
		{F60A1E4B-7DBE-44E9-8FF1-5BF64B0247C7}.Release|x86.Build.0 = Release|Win32
		{29506046-D400-4391-A01D-6EC424040C00}.Debug|x64.ActiveCfg = Debug|x64
		{29506046-D400-4391-A01D-6EC424040C00}.Debug|x64.Build.0 = Debug|x64
		{29506046-D400-4391-A01D-6EC424040C00}.Debug|x86.ActiveCfg = Debug|Win32
		{29506046-D400-4391-A01D-6EC424040C00}.Debug|x86.Build.0 = Debug|Win32
		{29506046-D400-4391-A01D-6EC424040C00}.Release|x64.ActiveCfg = Release|x64
		{29506046-D400-4391-A01D-6EC424040C00}.Release|x64.Build.0 = Release|x64
		{29506046-D400-4391-A01D-6EC424040C00}.Release|x86.ActiveCfg = Release|Win32
		{29506046-D400-4391-A01D-6EC424040C00}.Release|x86.Build.0 = Release|Win32
		{C191DAB4-F77F-4171-A25A-B7CE4511F3C6}.Debug|x64.ActiveCfg = Debug|x64
		{C191DAB4-F77F-4171-A25A-B7CE4511F3C6}.Debug|x64.Build.0 = Debug|x64
		{C191DAB4-F77F-4171-A25A-B7CE4511F3C6}.Debug|x86.ActiveCfg = Debug|Win32
		{C191DAB4-F77F-4171-A25A-B7CE4511F3C6}.Debug|x86.Build.0 = Debug|Win32
		{C191DAB4-F77F-4171-A25A-B7CE4511F3C6}.Release|x64.ActiveCfg = Release|x64
		{C191DAB4-F77F-4171-A25A-B7CE4511F3C6}.Release|x64.Build.0 = Release|x64
		{C191DAB4-F77F-4171-A25A-B7CE4511F3C6}.Release|x86.ActiveCfg = Release|Win32
		{C191DAB4-F77F-4171-A25A-B7CE4511F3C6}.Release|x86.Build.0 = Release|Win32
		{48DF17F4-C9AE-4330-959C-86558C5E4DB1}.Debug|x64.ActiveCfg = Debug|x64
		{48DF17F4-C9AE-4330-959C-86558C5E4DB1}.Debug|x64.Build.0 = Debug|x64
		{48DF17F4-C9AE-4330-959C-86558C5E4DB1}.Debug|x86.ActiveCfg = Debug|Win32
		{48DF17F4-C9AE-4330-959C-86558C5E4DB1}.Debug|x86.Build.0 = Debug|Win32
		{48DF17F4-C9AE-4330-959C-86558C5E4DB1}.Release|x64.ActiveCfg = Release|x64
		{48DF17F4-C9AE-4330-959C-86558C5E4DB1}.Release|x64.Build.0 = Release|x64
		{48DF17F4-C9AE-4330-959C-86558C5E4DB1}.Release|x86.ActiveCfg = Release|Win32
		{48DF17F4-C9AE-4330-959C-86558C5E4DB1}.Release|x86.Build.0 = Release|Win32
		{05257721-6068-45DC-9FDD-64ADDACDE263}.Debug|x64.ActiveCfg = Debug|x64
		{05257721-6068-45DC-9FDD-64ADDACDE263}.Debug|x64.Build.0 = Debug|x64
		{05257721-6068-45DC-9FDD-64ADDACDE263}.Debug|x86.ActiveCfg = Debug|Win32
		{05257721-6068-45DC-9FDD-64ADDACDE263}.Debug|x86.Build.0 = Debug|Win32
		{05257721-6068-45DC-9FDD-64ADDACDE263}.Release|x64.ActiveCfg = Release|x64
		{05257721-6068-45DC-9FDD-64ADDACDE263}.Release|x64.Build.0 = Release|x64
		{05257721-6068-45DC-9FDD-64ADDACDE263}.Release|x86.ActiveCfg = Release|Win32
		{05257721-6068-45DC-9FDD-64ADDACDE263}.Release|x86.Build.0 = Release|Win32
		{F6268767-8BB6-4889-99B7-BE06EAD6CA26}.Debug|x64.ActiveCfg = Debug|x64
		{F6268767-8BB6-4889-99B7-BE06EAD6CA26}.Debug|x64.Build.0 = Debug|x64
		{F6268767-8BB6-4889-99B7-BE06EAD6CA26}.Debug|x86.ActiveCfg = Debug|Win32
		{F6268767-8BB6-4889-99B7-BE06EAD6CA26}.Debug|x86.Build.0 = Debug|Win32
		{F6268767-8BB6-4889-99B7-BE06EAD6CA26}.Release|x64.ActiveCfg = Release|x64
		{F6268767-8BB6-4889-99B7-BE06EAD6CA26}.Release|x64.Build.0 = Release|x64
		{F6268767-8BB6-4889-99B7-BE06EAD6CA26}.Release|x86.ActiveCfg = Release|Win32
		{F6268767-8BB6-4889-99B7-BE06EAD6CA26}.Release|x86.Build.0 = Release|Win32
		{BA76EC4C-9796-4054-90F2-865F4357F0CF}.Debug|x64.ActiveCfg = Debug|x64
		{BA76EC4C-9796-4054-90F2-865F4357F0CF}.Debug|x64.Build.0 = Debug|x64
		{BA76EC4C-9796-4054-90F2-865F4357F0CF}.Debug|x86.ActiveCfg = Debug|Win32
		{BA76EC4C-9796-4054-90F2-865F4357F0CF}.Debug|x86.Build.0 = Debug|Win32
		{BA76EC4C-9796-4054-90F2-865F4357F0CF}.Release|x64.ActiveCfg = Release|x64
		{BA76EC4C-9796-4054-90F2-865F4357F0CF}.Release|x64.Build.0 = Release|x64
		{BA76EC4C-9796-4054-90F2-865F4357F0CF}.Release|x86.ActiveCfg = Release|Win32
		{BA76EC4C-9796-4054-90F2-865F4357F0CF}.Release|x86.Build.0 = Release|Win32
		{6201E006-3FC5-41D5-9D8F-D9910658A434}.Debug|x64.ActiveCfg = Debug|x64
		{6201E006-3FC5-41D5-9D8F-D9910658A434}.Debug|x64.Build.0 = Debug|x64
		{6201E006-3FC5-41D5-9D8F-D9910658A434}.Debug|x86.ActiveCfg = Debug|Win32
		{6201E006-3FC5-41D5-9D8F-D9910658A434}.Debug|x86.Build.0 = Debug|Win32
		{6201E006-3FC5-41D5-9D8F-D9910658A434}.Release|x64.ActiveCfg = Release|x64
		{6201E006-3FC5-41D5-9D8F-D9910658A434}.Release|x64.Build.0 = Release|x64
		{6201E006-3FC5-41D5-9D8F-D9910658A434}.Release|x86.ActiveCfg = Release|Win32
		{6201E006-3FC5-41D5-9D8F-D9910658A434}.Release|x86.Build.0 = Release|Win32
		{51585D22-261C-45C8-85B8-78F2733EF0F2}.Debug|x64.ActiveCfg = Debug|x64
		{51585D22-261C-45C8-85B8-78F2733EF0F2}.Debug|x64.Build.0 = Debug|x64
		{51585D22-261C-45C8-85B8-78F2733EF0F2}.Debug|x86.ActiveCfg = Debug|Win32
		{51585D22-261C-45C8-85B8-78F2733EF0F2}.Debug|x86.Build.0 = Debug|Win32
		{51585D22-261C-45C8-85B8-78F2733EF0F2}.Release|x64.ActiveCfg = Release|x64
		{51585D22-261C-45C8-85B8-78F2733EF0F2}.Release|x64.Build.0 = Release|x64
		{51585D22-261C-45C8-85B8-78F2733EF0F2}.Release|x86.ActiveCfg = Release|Win32
		{51585D22-261C-45C8-85B8-78F2733EF0F2}.Release|x86.Build.0 = Release|Win32
		{665D7957-861E-45B6-B475-9F4D31EB1871}.Debug|x64.ActiveCfg = Debug|x64
		{665D7957-861E-45B6-B475-9F4D31EB1871}.Debug|x64.Build.0 = Debug|x64
		{665D7957-861E-45B6-B475-9F4D31EB1871}.Debug|x86.ActiveCfg = Debug|Win32
		{665D7957-861E-45B6-B475-9F4D31EB1871}.Debug|x86.Build.0 = Debug|Win32
		{665D7957-861E-45B6-B475-9F4D31EB1871}.Release|x64.ActiveCfg = Release|x64
		{665D7957-861E-45B6-B475-9F4D31EB1871}.Release|x64.Build.0 = Release|x64
		{665D7957-861E-45B6-B475-9F4D31EB1871}.Release|x86.ActiveCfg = Release|Win32
		{665D7957-861E-45B6-B475-9F4D31EB1871}.Release|x86.Build.0 = Release|Win32
	EndGlobalSection
	GlobalSection(SolutionProperties) = preSolution
		HideSolutionNode = FALSE
	EndGlobalSection
	GlobalSection(ExtensibilityGlobals) = postSolution
		SolutionGuid = {A56971B3-C256-4F7E-84DB-B9BCD94A39D5}
	EndGlobalSection
EndGlobal
